
Microsoft Visual Studio Solution File, Format Version 12.00
# Visual Studio Version 17
VisualStudioVersion = 17.1.32421.90
MinimumVisualStudioVersion = 10.0.40219.1
Project("{FAE04EC0-301F-11D3-BF4B-00C04F79EFBC}") = "Desafiado_Variaveis", "Desafiado_Variaveis\Desafiado_Variaveis.csproj", "{789AC696-1F04-4A86-A06F-F5ACFF71EF3A}"
EndProject
Global
	GlobalSection(SolutionConfigurationPlatforms) = preSolution
		Debug|Any CPU = Debug|Any CPU
		Release|Any CPU = Release|Any CPU
	EndGlobalSection
	GlobalSection(ProjectConfigurationPlatforms) = postSolution
		{789AC696-1F04-4A86-A06F-F5ACFF71EF3A}.Debug|Any CPU.ActiveCfg = Debug|Any CPU
		{789AC696-1F04-4A86-A06F-F5ACFF71EF3A}.Debug|Any CPU.Build.0 = Debug|Any CPU
		{789AC696-1F04-4A86-A06F-F5ACFF71EF3A}.Release|Any CPU.ActiveCfg = Release|Any CPU
		{789AC696-1F04-4A86-A06F-F5ACFF71EF3A}.Release|Any CPU.Build.0 = Release|Any CPU
	EndGlobalSection
	GlobalSection(SolutionProperties) = preSolution
		HideSolutionNode = FALSE
	EndGlobalSection
	GlobalSection(ExtensibilityGlobals) = postSolution
		SolutionGuid = {8C46C1CB-E59D-433D-A062-AD5863A6FCBD}
	EndGlobalSection
EndGlobal
